Microsoft Visual Studio Solution File, Format Version 12.00
# Visual Studio Version 17
VisualStudioVersion = 17.5.2.0
MinimumVisualStudioVersion = 10.0.40219.1
Project("{FAE04EC0-301F-11D3-BF4B-00C04F79EFBC}") = "PRO690Midterm", "PRO690Midterm.csproj", "{EA10DC99-621E-1816-C08A-A761A8D91105}"
EndProject
Global
	GlobalSection(SolutionConfigurationPlatforms) = preSolution
		Debug|Any CPU = Debug|Any CPU
		Release|Any CPU = Release|Any CPU
	EndGlobalSection
	GlobalSection(ProjectConfigurationPlatforms) = postSolution
		{EA10DC99-621E-1816-C08A-A761A8D91105}.Debug|Any CPU.ActiveCfg = Debug|Any CPU
		{EA10DC99-621E-1816-C08A-A761A8D91105}.Debug|Any CPU.Build.0 = Debug|Any CPU
		{EA10DC99-621E-1816-C08A-A761A8D91105}.Release|Any CPU.ActiveCfg = Release|Any CPU
		{EA10DC99-621E-1816-C08A-A761A8D91105}.Release|Any CPU.Build.0 = Release|Any CPU
	EndGlobalSection
	GlobalSection(SolutionProperties) = preSolution
		HideSolutionNode = FALSE
	EndGlobalSection
	GlobalSection(ExtensibilityGlobals) = postSolution
		SolutionGuid = {011A6805-3ED6-4648-9120-3E1AEB68550F}
	EndGlobalSection
EndGlobal
